{
  "pins" : [
    {
      "identity" : "lottie-ios",
      "kind" : "remoteSourceControl",
      "location" : "https://github.com/alexruperez/lottie-ios.git",
      "state" : {
        "branch" : "master",
        "revision" : "934954c378fbd49f3798931cd314740ff3176972"
      }
    }
  ],
  "version" : 2
}
